
Microsoft Visual Studio Solution File, Format Version 11.00
# Visual Studio 2010
Project("{8BC9CEB8-8B4A-11D0-8D11-00A0C91BC942}") = "PTEngine", "PTEngine.vcxproj", "{072AAFF2-6CAA-4952-8D3F-AEC797AEECB7}"
EndProject
Project("{8BC9CEB8-8B4A-11D0-8D11-00A0C91BC942}") = "PTTest", "PTTest\PTTest.vcxproj", "{96692C37-87C0-419E-B7A9-F86D576B501F}"
	ProjectSection(ProjectDependencies) = postProject
		{072AAFF2-6CAA-4952-8D3F-AEC797AEECB7} = {072AAFF2-6CAA-4952-8D3F-AEC797AEECB7}
	EndProjectSection
EndProject
Global
	GlobalSection(SolutionConfigurationPlatforms) = preSolution
		Debug|Win32 = Debug|Win32
		Release|Win32 = Release|Win32
	EndGlobalSection
	GlobalSection(ProjectConfigurationPlatforms) = postSolution
		{072AAFF2-6CAA-4952-8D3F-AEC797AEECB7}.Debug|Win32.ActiveCfg = Debug|Win32
		{072AAFF2-6CAA-4952-8D3F-AEC797AEECB7}.Debug|Win32.Build.0 = Debug|Win32
		{072AAFF2-6CAA-4952-8D3F-AEC797AEECB7}.Release|Win32.ActiveCfg = Release|Win32
		{072AAFF2-6CAA-4952-8D3F-AEC797AEECB7}.Release|Win32.Build.0 = Release|Win32
		{96692C37-87C0-419E-B7A9-F86D576B501F}.Debug|Win32.ActiveCfg = Debug|Win32
		{96692C37-87C0-419E-B7A9-F86D576B501F}.Debug|Win32.Build.0 = Debug|Win32
		{96692C37-87C0-419E-B7A9-F86D576B501F}.Release|Win32.ActiveCfg = Release|Win32
		{96692C37-87C0-419E-B7A9-F86D576B501F}.Release|Win32.Build.0 = Release|Win32
	EndGlobalSection
	GlobalSection(SolutionProperties) = preSolution
		HideSolutionNode = FALSE
	EndGlobalSection
EndGlobal
