<?xml version="1.0" encoding="utf-8"?>
<Project ToolsVersion="4.0" xmlns="http://schemas.microsoft.com/developer/msbuild/2003">
  <ItemGroup>
    <ClInclude Include="Renderer.h" />
    <ClInclude Include="Box.h" />
    <ClInclude Include="Vector3_Default.h" />
    <ClInclude Include="Vector3.h" />
    <ClInclude Include="Math.h" />
    <ClInclude Include="RGBA.h" />
    <ClInclude Include="Vector4.h" />
    <ClInclude Include="Vector4_Default.h" />
    <ClInclude Include="Matrix4x4.h" />
    <ClInclude Include="Shapes.h" />
    <ClInclude Include="Mesh.h" />
    <ClInclude Include="Submesh.h" />
    <ClInclude Include="Material.h" />
    <ClInclude Include="Memory.h" />
    <ClInclude Include="Assert.h" />
    <ClInclude Include="PTEngine.h" />
    <ClInclude Include="OwnedObject.h" />
    <ClInclude Include="Debug.h" />
    <ClInclude Include="DynamicArray.h" />
    <ClInclude Include="IndexBuffer.h" />
    <ClInclude Include="VertexBuffer.h" />
    <ClInclude Include="PluginManager.h" />
    <ClInclude Include="Plugin.h" />
    <ClInclude Include="DynamicLibrary.h" />
    <ClInclude Include="VertexFormat.h" />
    <ClInclude Include="VertexProfile.h" />
  </ItemGroup>
  <ItemGroup>
    <ClCompile Include="Renderer.cpp" />
    <ClCompile Include="RGBA.cpp" />
    <ClCompile Include="Shapes.cpp" />
    <ClCompile Include="Mesh.cpp" />
    <ClCompile Include="Submesh.cpp" />
    <ClCompile Include="Material.cpp" />
    <ClCompile Include="Memory.cpp" />
    <ClCompile Include="Memory_Win.cpp" />
    <ClCompile Include="Assert.cpp" />
    <ClCompile Include="PluginManager.cpp" />
    <ClCompile Include="Plugin.cpp" />
    <ClCompile Include="DynamicLibrary.cpp" />
    <ClCompile Include="DynamicLibrary_Win.cpp" />
  </ItemGroup>
  <ItemGroup>
    <None Include="FutureFeatures.txt" />
  </ItemGroup>
</Project>